
Microsoft Visual Studio Solution File, Format Version 12.00
# Visual Studio Version 16
VisualStudioVersion = 16.0.28917.182
MinimumVisualStudioVersion = 10.0.40219.1
Project("{FAE04EC0-301F-11D3-BF4B-00C04F79EFBC}") = "TemplatedMethod", "TemplatedMethod.csproj", "{0F197A03-FF26-4B21-B775-5C7BC4F7751F}"
EndProject
Global
	GlobalSection(SolutionConfigurationPlatforms) = preSolution
		Debug|Any CPU = Debug|Any CPU
		Release|Any CPU = Release|Any CPU
	EndGlobalSection
	GlobalSection(ProjectConfigurationPlatforms) = postSolution
		{0F197A03-FF26-4B21-B775-5C7BC4F7751F}.Debug|Any CPU.ActiveCfg = Debug|Any CPU
		{0F197A03-FF26-4B21-B775-5C7BC4F7751F}.Debug|Any CPU.Build.0 = Debug|Any CPU
		{0F197A03-FF26-4B21-B775-5C7BC4F7751F}.Release|Any CPU.ActiveCfg = Release|Any CPU
		{0F197A03-FF26-4B21-B775-5C7BC4F7751F}.Release|Any CPU.Build.0 = Release|Any CPU
	EndGlobalSection
	GlobalSection(SolutionProperties) = preSolution
		HideSolutionNode = FALSE
	EndGlobalSection
	GlobalSection(ExtensibilityGlobals) = postSolution
		SolutionGuid = {775C7E45-6A93-4DF2-94FA-5323D7937F72}
	EndGlobalSection
EndGlobal
